{
    "name": "repo_sorter",
    "version": "1.0.0",
    "lockfileVersion": 3,
    "requires": true,
    "packages": {
        "": {
            "name": "repo_sorter",
            "version": "1.0.0",
            "license": "ISC",
            "dependencies": {
                "repo_sorter": "^1.0.0"
            },
            "bin": {
                "repo_sorter": "index.mjs"
            }
        },
        "node_modules/repo_sorter": {
            "version": "1.0.0",
            "resolved": "https://registry.npmjs.org/repo_sorter/-/repo_sorter-1.0.0.tgz",
            "integrity": "sha512-D4FjrbABYYkjA0hOncbEaRSkTMg58NSlwr74dc6BEGQV7FFCgI3WEFGoF7iI/WMkwVQ0Y6D8HWz/bMBEfV/53Q==",
            "license": "ISC",
            "bin": {
                "repo_sorter": "index.mjs"
            }
        }
    }
}
